{
	"name": "@eva/plugin-stats",
	"version": "1.1.1-fix.1",
	"lockfileVersion": 2,
	"requires": true,
	"packages": {
		"": {
			"name": "@eva/plugin-stats",
			"version": "1.1.1-fix.1",
			"license": "MIT",
			"dependencies": {
				"lodash-es": "^4.17.21"
			}
		},
		"node_modules/lodash-es": {
			"version": "4.17.21",
			"resolved": "https://registry.npmjs.org/lodash-es/-/lodash-es-4.17.21.tgz",
			"integrity": "sha512-mKnC+QJ9pWVzv+C4/U3rRsHapFfHvQFoFB92e52xeyGMcX6/OlIl78je1u8vePzYZSkkogMPJ2yjxxsb89cxyw=="
		}
	},
	"dependencies": {
		"lodash-es": {
			"version": "4.17.21",
			"resolved": "https://registry.npmjs.org/lodash-es/-/lodash-es-4.17.21.tgz",
			"integrity": "sha512-mKnC+QJ9pWVzv+C4/U3rRsHapFfHvQFoFB92e52xeyGMcX6/OlIl78je1u8vePzYZSkkogMPJ2yjxxsb89cxyw=="
		}
	}
}
