{
	"name": "@eva/plugin-renderer-lottie",
	"version": "1.0.11",
	"lockfileVersion": 1,
	"requires": true,
	"dependencies": {
		"bit-twiddle": {
			"version": "1.0.2",
			"resolved": "https://registry.npmjs.org/bit-twiddle/-/bit-twiddle-1.0.2.tgz",
			"integrity": "sha1-DGwfq+KyPRcXPZpht7cJPrnhdp4="
		},
		"dom-walk": {
			"version": "0.1.2",
			"resolved": "https://registry.npmjs.org/dom-walk/-/dom-walk-0.1.2.tgz",
			"integrity": "sha512-6QvTW9mrGeIegrFXdtQi9pk7O/nSK6lSdXW2eqUspN5LWD7UTji2Fqw5V2YLjBpHEoU9Xl/eUWNpDeZvoyOv2w=="
		},
		"earcut": {
			"version": "2.2.3",
			"resolved": "https://registry.npmjs.org/earcut/-/earcut-2.2.3.tgz",
			"integrity": "sha512-iRDI1QeCQIhMCZk48DRDMVgQSSBDmbzzNhnxIo+pwx3swkfjMh6vh0nWLq1NdvGHLKH6wIrAM3vQWeTj6qeoug=="
		},
		"eventemitter3": {
			"version": "2.0.3",
			"resolved": "https://registry.npmjs.org/eventemitter3/-/eventemitter3-2.0.3.tgz",
			"integrity": "sha1-teEHm1n7XhuidxwKmTvgYKWMmbo="
		},
		"global": {
			"version": "4.3.2",
			"resolved": "https://registry.npmjs.org/global/-/global-4.3.2.tgz",
			"integrity": "sha1-52mJJopsdMOJCLEwWxD8DjlOnQ8=",
			"requires": {
				"min-document": "^2.19.0",
				"process": "~0.5.1"
			}
		},
		"ios-version": {
			"version": "1.0.1",
			"resolved": "https://registry.npmjs.org/ios-version/-/ios-version-1.0.1.tgz",
			"integrity": "sha1-PEYMqgIPayKiQwUZpq2reRXNMro=",
			"requires": {
				"global": "~4.3.0",
				"parse-int": "~1.0.0"
			}
		},
		"is-finite": {
			"version": "1.1.0",
			"resolved": "https://registry.npmjs.org/is-finite/-/is-finite-1.1.0.tgz",
			"integrity": "sha512-cdyMtqX/BOqqNBBiKlIVkytNHm49MtMlYyn1zxzvJKWmFMlGzm+ry5BBfYyeY9YmNKbRSo/o7OX9w9ale0wg3w=="
		},
		"is-integer": {
			"version": "1.0.7",
			"resolved": "https://registry.npmjs.org/is-integer/-/is-integer-1.0.7.tgz",
			"integrity": "sha1-a96Bqs3feLZZtmKdYpytxRqIbVw=",
			"requires": {
				"is-finite": "^1.0.0"
			}
		},
		"ismobilejs": {
			"version": "0.5.2",
			"resolved": "https://registry.npmjs.org/ismobilejs/-/ismobilejs-0.5.2.tgz",
			"integrity": "sha512-ta9UdV60xVZk/ZafFtSFslQaE76SvNkcs1r73d2PVR21zVzx9xuYv9tNe4MxA1NN7WoeCc2RjGot3Bz1eHDx3Q=="
		},
		"min-document": {
			"version": "2.19.0",
			"resolved": "https://registry.npmjs.org/min-document/-/min-document-2.19.0.tgz",
			"integrity": "sha1-e9KC4/WELtKVu3SM3Z8f+iyCRoU=",
			"requires": {
				"dom-walk": "^0.1.0"
			}
		},
		"mini-signals": {
			"version": "1.2.0",
			"resolved": "https://registry.npmjs.org/mini-signals/-/mini-signals-1.2.0.tgz",
			"integrity": "sha1-RbCAE8X65RokqhqTXNMXye1yHXQ="
		},
		"object-assign": {
			"version": "4.1.1",
			"resolved": "https://registry.npmjs.org/object-assign/-/object-assign-4.1.1.tgz",
			"integrity": "sha1-IQmtx5ZYh8/AXLvUQsrIv7s2CGM="
		},
		"parse-int": {
			"version": "1.0.3",
			"resolved": "https://registry.npmjs.org/parse-int/-/parse-int-1.0.3.tgz",
			"integrity": "sha512-TfDLnW/E7Hu53nxclRtgCvvjCyA+iRqlzEbpDDRpTFSc1ovRSL/EDpgpRaEhxrGOx2w1k9bkE189FXt6PnOUUQ==",
			"requires": {
				"is-integer": "^1.0.4"
			}
		},
		"parse-uri": {
			"version": "1.0.3",
			"resolved": "https://registry.npmjs.org/parse-uri/-/parse-uri-1.0.3.tgz",
			"integrity": "sha512-upMnGxNcm+45So85HoguwZTVZI9u11i36DdxJfGF2HYWS2eh3TIx7+/tTi7qrEq15qzGkVhsKjesau+kCk48pA=="
		},
		"pixi-gl-core": {
			"version": "1.1.4",
			"resolved": "https://registry.npmjs.org/pixi-gl-core/-/pixi-gl-core-1.1.4.tgz",
			"integrity": "sha1-i0tcQzsx5Bm8N53FZc4bg1qRs3I="
		},
		"pixi.js": {
			"version": "4.8.9",
			"resolved": "https://registry.npmjs.org/pixi.js/-/pixi.js-4.8.9.tgz",
			"integrity": "sha512-YcepG5/bXLAVTSTXaMIU9NeSzwyPq/oMu2oQi6L6iE5giwng02ixVCKgc6/eMv3zl2Ho+teSOLC8R5Wp3jBvLA==",
			"requires": {
				"bit-twiddle": "^1.0.2",
				"earcut": "^2.1.4",
				"eventemitter3": "^2.0.0",
				"ismobilejs": "^0.5.1",
				"object-assign": "^4.0.1",
				"pixi-gl-core": "^1.1.4",
				"remove-array-items": "^1.0.0",
				"resource-loader": "^2.2.3"
			}
		},
		"process": {
			"version": "0.5.2",
			"resolved": "https://registry.npmjs.org/process/-/process-0.5.2.tgz",
			"integrity": "sha1-FjjYqONML0QKkduVq5rrZ3/Bhc8="
		},
		"remove-array-items": {
			"version": "1.1.1",
			"resolved": "https://registry.npmjs.org/remove-array-items/-/remove-array-items-1.1.1.tgz",
			"integrity": "sha512-MXW/jtHyl5F1PZI7NbpS8SOtympdLuF20aoWJT5lELR1p/HJDd5nqW8Eu9uLh/hCRY3FgvrIT5AwDCgBODklcA=="
		},
		"resource-loader": {
			"version": "2.2.4",
			"resolved": "https://registry.npmjs.org/resource-loader/-/resource-loader-2.2.4.tgz",
			"integrity": "sha512-MrY0bEJN26us3h4bzJUSP0n4tFEb79lCpYBavtLjSezWCcXZMgxhSgvC9LxueuqpcxG+qPjhwFu5SQAcUNacdA==",
			"requires": {
				"mini-signals": "^1.1.1",
				"parse-uri": "^1.0.0"
			}
		}
	}
}
