{
	"name": "@eva/plugin-matterjs",
	"version": "1.1.0-alpha.1",
	"lockfileVersion": 1,
	"requires": true,
	"dependencies": {
		"@eva/inspector-decorator": {
			"version": "0.0.4",
			"resolved": "https://registry.npmjs.org/@eva/inspector-decorator/-/inspector-decorator-0.0.4.tgz",
			"integrity": "sha512-NvZg35ZPb+t6RrfvI9/a8V/Gf0mIqEopaAo8ZJBHSDtbuwEYr0wWPT9DHU12jRHI5PtSCujxfSznFtq+/Rdtcw=="
		}
	}
}
