{
  "name": "@eva/plugin-matterjs",
  "version": "1.1.0",
  "lockfileVersion": 1,
  "requires": true,
  "dependencies": {
    "@eva/inspector-decorator": {
      "version": "0.0.4",
      "resolved": "https://registry.npmjs.org/@eva/inspector-decorator/-/inspector-decorator-0.0.4.tgz",
      "integrity": "sha512-NvZg35ZPb+t6RrfvI9/a8V/Gf0mIqEopaAo8ZJBHSDtbuwEYr0wWPT9DHU12jRHI5PtSCujxfSznFtq+/Rdtcw=="
    },
    "poly-decomp": {
      "version": "0.3.0",
      "resolved": "https://registry.npmjs.org/poly-decomp/-/poly-decomp-0.3.0.tgz",
      "integrity": "sha512-hWeBxGzPYiybmI4548Fca7Up/0k1qS5+79cVHI9+H33dKya5YNb9hxl0ZnDaDgvrZSuYFBhkCK/HOnqN7gefkQ=="
    }
  }
}
