{
  "name": "@eva/plugin-matterjs",
  "version": "1.1.0-alpha.1",
  "lockfileVersion": 2,
  "requires": true,
  "packages": {
    "": {
      "name": "@eva/plugin-matterjs",
      "version": "1.1.0-alpha.1",
      "license": "MIT",
      "dependencies": {
        "@eva/eva.js": "1.1.0-alpha.1",
        "poly-decomp": "^0.3.0"
      }
    },
    "../eva.js": {
      "name": "@eva/eva.js",
      "version": "1.1.0-alpha.1",
      "license": "MIT",
      "dependencies": {
        "eventemitter3": "^3.1.2",
        "lodash-es": "^4.17.21",
        "mini-signals": "^1.2.0",
        "parse-uri": "^1.0.3",
        "resource-loader": "^4.0.0-rc4",
        "sprite-timeline": "^1.10.2"
      }
    },
    "../eva.js/node_modules/babel-runtime": {
      "version": "6.26.0",
      "license": "MIT",
      "dependencies": {
        "core-js": "^2.4.0",
        "regenerator-runtime": "^0.11.0"
      }
    },
    "../eva.js/node_modules/core-js": {
      "version": "2.6.12",
      "hasInstallScript": true,
      "license": "MIT"
    },
    "../eva.js/node_modules/eventemitter3": {
      "version": "3.1.2",
      "license": "MIT"
    },
    "../eva.js/node_modules/lodash-es": {
      "version": "4.17.21",
      "license": "MIT"
    },
    "../eva.js/node_modules/mini-signals": {
      "version": "1.2.0",
      "license": "MIT"
    },
    "../eva.js/node_modules/parse-uri": {
      "version": "1.0.3",
      "license": "MIT",
      "engines": {
        "node": ">= 0.10"
      }
    },
    "../eva.js/node_modules/regenerator-runtime": {
      "version": "0.11.1",
      "license": "MIT"
    },
    "../eva.js/node_modules/resource-loader": {
      "version": "4.0.0-rc4",
      "license": "MIT",
      "dependencies": {
        "parse-uri": "^1.0.0",
        "type-signals": "^1.0.3"
      }
    },
    "../eva.js/node_modules/sprite-timeline": {
      "version": "1.10.2",
      "license": "MIT",
      "dependencies": {
        "babel-runtime": "^6.26.0"
      }
    },
    "../eva.js/node_modules/type-signals": {
      "version": "1.1.0",
      "license": "MIT"
    },
    "node_modules/@eva/eva.js": {
      "resolved": "../eva.js",
      "link": true
    },
    "node_modules/poly-decomp": {
      "version": "0.3.0",
      "resolved": "https://registry.npmjs.org/poly-decomp/-/poly-decomp-0.3.0.tgz",
      "integrity": "sha512-hWeBxGzPYiybmI4548Fca7Up/0k1qS5+79cVHI9+H33dKya5YNb9hxl0ZnDaDgvrZSuYFBhkCK/HOnqN7gefkQ==",
      "engines": {
        "node": "*"
      }
    }
  },
  "dependencies": {
    "@eva/eva.js": {
      "version": "file:../eva.js",
      "requires": {
        "eventemitter3": "^3.1.2",
        "lodash-es": "^4.17.21",
        "mini-signals": "^1.2.0",
        "parse-uri": "^1.0.3",
        "resource-loader": "^4.0.0-rc4",
        "sprite-timeline": "^1.10.2"
      },
      "dependencies": {
        "babel-runtime": {
          "version": "6.26.0",
          "requires": {
            "core-js": "^2.4.0",
            "regenerator-runtime": "^0.11.0"
          }
        },
        "core-js": {
          "version": "2.6.12"
        },
        "eventemitter3": {
          "version": "3.1.2"
        },
        "lodash-es": {
          "version": "4.17.21"
        },
        "mini-signals": {
          "version": "1.2.0"
        },
        "parse-uri": {
          "version": "1.0.3"
        },
        "regenerator-runtime": {
          "version": "0.11.1"
        },
        "resource-loader": {
          "version": "4.0.0-rc4",
          "requires": {
            "parse-uri": "^1.0.0",
            "type-signals": "^1.0.3"
          }
        },
        "sprite-timeline": {
          "version": "1.10.2",
          "requires": {
            "babel-runtime": "^6.26.0"
          }
        },
        "type-signals": {
          "version": "1.1.0"
        }
      }
    },
    "poly-decomp": {
      "version": "0.3.0",
      "resolved": "https://registry.npmjs.org/poly-decomp/-/poly-decomp-0.3.0.tgz",
      "integrity": "sha512-hWeBxGzPYiybmI4548Fca7Up/0k1qS5+79cVHI9+H33dKya5YNb9hxl0ZnDaDgvrZSuYFBhkCK/HOnqN7gefkQ=="
    }
  }
}
