{
  "name": "@eva/plugin-transition",
  "version": "1.0.10",
  "lockfileVersion": 2,
  "requires": true,
  "packages": {
    "": {
      "name": "@eva/plugin-transition",
      "version": "1.0.10",
      "license": "MIT",
      "dependencies": {
        "@eva/eva.js": "^1.0.10",
        "@tweenjs/tween.js": "^18.6.4",
        "sprite-timeline": "^1.10.2"
      }
    },
    "../eva.js": {
      "name": "@eva/eva.js",
      "version": "1.0.10",
      "license": "MIT",
      "dependencies": {
        "eventemitter3": "^3.1.2",
        "lodash-es": "^4.17.21",
        "mini-signals": "^1.2.0",
        "parse-uri": "^1.0.3",
        "resource-loader": "^4.0.0-rc4",
        "sprite-timeline": "^1.10.2"
      }
    },
    "../eva.js/node_modules/babel-runtime": {
      "version": "6.26.0",
      "license": "MIT",
      "dependencies": {
        "core-js": "^2.4.0",
        "regenerator-runtime": "^0.11.0"
      }
    },
    "../eva.js/node_modules/core-js": {
      "version": "2.6.12",
      "hasInstallScript": true,
      "license": "MIT"
    },
    "../eva.js/node_modules/eventemitter3": {
      "version": "3.1.2",
      "license": "MIT"
    },
    "../eva.js/node_modules/lodash-es": {
      "version": "4.17.21",
      "license": "MIT"
    },
    "../eva.js/node_modules/mini-signals": {
      "version": "1.2.0",
      "license": "MIT"
    },
    "../eva.js/node_modules/parse-uri": {
      "version": "1.0.3",
      "license": "MIT",
      "engines": {
        "node": ">= 0.10"
      }
    },
    "../eva.js/node_modules/regenerator-runtime": {
      "version": "0.11.1",
      "license": "MIT"
    },
    "../eva.js/node_modules/resource-loader": {
      "version": "4.0.0-rc4",
      "license": "MIT",
      "dependencies": {
        "parse-uri": "^1.0.0",
        "type-signals": "^1.0.3"
      }
    },
    "../eva.js/node_modules/sprite-timeline": {
      "version": "1.10.2",
      "license": "MIT",
      "dependencies": {
        "babel-runtime": "^6.26.0"
      }
    },
    "../eva.js/node_modules/type-signals": {
      "version": "1.1.0",
      "license": "MIT"
    },
    "node_modules/@eva/eva.js": {
      "resolved": "../eva.js",
      "link": true
    },
    "node_modules/@tweenjs/tween.js": {
      "version": "18.6.4",
      "license": "MIT"
    },
    "node_modules/babel-runtime": {
      "version": "6.26.0",
      "resolved": "https://registry.npmjs.org/babel-runtime/-/babel-runtime-6.26.0.tgz",
      "integrity": "sha1-llxwWGaOgrVde/4E/yM3vItWR/4=",
      "dependencies": {
        "core-js": "^2.4.0",
        "regenerator-runtime": "^0.11.0"
      }
    },
    "node_modules/core-js": {
      "version": "2.6.12",
      "resolved": "https://registry.npmjs.org/core-js/-/core-js-2.6.12.tgz",
      "integrity": "sha512-Kb2wC0fvsWfQrgk8HU5lW6U/Lcs8+9aaYcy4ZFc6DDlo4nZ7n70dEgE5rtR0oG6ufKDUnrwfWL1mXR5ljDatrQ==",
      "deprecated": "core-js@<3.3 is no longer maintained and not recommended for usage due to the number of issues. Because of the V8 engine whims, feature detection in old core-js versions could cause a slowdown up to 100x even if nothing is polyfilled. Please, upgrade your dependencies to the actual version of core-js.",
      "hasInstallScript": true
    },
    "node_modules/regenerator-runtime": {
      "version": "0.11.1",
      "resolved": "https://registry.npmjs.org/regenerator-runtime/-/regenerator-runtime-0.11.1.tgz",
      "integrity": "sha512-MguG95oij0fC3QV3URf4V2SDYGJhJnJGqvIIgdECeODCT98wSWDAJ94SSuVpYQUoTcGUIL6L4yNB7j1DFFHSBg=="
    },
    "node_modules/sprite-timeline": {
      "version": "1.10.2",
      "resolved": "https://registry.npmjs.org/sprite-timeline/-/sprite-timeline-1.10.2.tgz",
      "integrity": "sha512-Nu0SNxSy04tyZELMYEjvKVN/2KoluLIXj4qHGrNSLKmQX9sPDegg2EzhnpP50FKQQAEDPHgrYlg3MuQA3cVW1g==",
      "dependencies": {
        "babel-runtime": "^6.26.0"
      }
    }
  },
  "dependencies": {
    "@eva/eva.js": {
      "version": "file:../eva.js",
      "requires": {
        "eventemitter3": "^3.1.2",
        "lodash-es": "^4.17.21",
        "mini-signals": "^1.2.0",
        "parse-uri": "^1.0.3",
        "resource-loader": "^4.0.0-rc4",
        "sprite-timeline": "^1.10.2"
      },
      "dependencies": {
        "babel-runtime": {
          "version": "6.26.0",
          "requires": {
            "core-js": "^2.4.0",
            "regenerator-runtime": "^0.11.0"
          }
        },
        "core-js": {
          "version": "2.6.12"
        },
        "eventemitter3": {
          "version": "3.1.2"
        },
        "lodash-es": {
          "version": "4.17.21"
        },
        "mini-signals": {
          "version": "1.2.0"
        },
        "parse-uri": {
          "version": "1.0.3"
        },
        "regenerator-runtime": {
          "version": "0.11.1"
        },
        "resource-loader": {
          "version": "4.0.0-rc4",
          "requires": {
            "parse-uri": "^1.0.0",
            "type-signals": "^1.0.3"
          }
        },
        "sprite-timeline": {
          "version": "1.10.2",
          "requires": {
            "babel-runtime": "^6.26.0"
          }
        },
        "type-signals": {
          "version": "1.1.0"
        }
      }
    },
    "@tweenjs/tween.js": {
      "version": "18.6.4"
    },
    "babel-runtime": {
      "version": "6.26.0",
      "resolved": "https://registry.npmjs.org/babel-runtime/-/babel-runtime-6.26.0.tgz",
      "integrity": "sha1-llxwWGaOgrVde/4E/yM3vItWR/4=",
      "requires": {
        "core-js": "^2.4.0",
        "regenerator-runtime": "^0.11.0"
      }
    },
    "core-js": {
      "version": "2.6.12",
      "resolved": "https://registry.npmjs.org/core-js/-/core-js-2.6.12.tgz",
      "integrity": "sha512-Kb2wC0fvsWfQrgk8HU5lW6U/Lcs8+9aaYcy4ZFc6DDlo4nZ7n70dEgE5rtR0oG6ufKDUnrwfWL1mXR5ljDatrQ=="
    },
    "regenerator-runtime": {
      "version": "0.11.1",
      "resolved": "https://registry.npmjs.org/regenerator-runtime/-/regenerator-runtime-0.11.1.tgz",
      "integrity": "sha512-MguG95oij0fC3QV3URf4V2SDYGJhJnJGqvIIgdECeODCT98wSWDAJ94SSuVpYQUoTcGUIL6L4yNB7j1DFFHSBg=="
    },
    "sprite-timeline": {
      "version": "1.10.2",
      "resolved": "https://registry.npmjs.org/sprite-timeline/-/sprite-timeline-1.10.2.tgz",
      "integrity": "sha512-Nu0SNxSy04tyZELMYEjvKVN/2KoluLIXj4qHGrNSLKmQX9sPDegg2EzhnpP50FKQQAEDPHgrYlg3MuQA3cVW1g==",
      "requires": {
        "babel-runtime": "^6.26.0"
      }
    }
  }
}
