{
  "name": "@eva/plugin-transition",
  "version": "1.1.1-fix.2",
  "lockfileVersion": 2,
  "requires": true,
  "packages": {
    "": {
      "name": "@eva/plugin-transition",
      "version": "1.1.1-fix.2",
      "license": "MIT",
      "dependencies": {
        "@eva/eva.js": "1.1.1-fix.2",
        "@tweenjs/tween.js": "^18.6.4",
        "sprite-timeline": "^1.10.2"
      }
    },
    "node_modules/@eva/eva.js": {
      "version": "1.1.1-fix.2",
      "resolved": "https://registry.npmjs.org/@eva/eva.js/-/eva.js-1.1.1-fix.2.tgz",
      "integrity": "sha512-Z08ShLTbPsCCS8oXsawOALAmYJBrwQ+ZNRURTGzcMWwH9XZE2h6d8pWPUDVRPamyflagf9zAUyYBj+almuc6ng==",
      "dependencies": {
        "eventemitter3": "^3.1.2",
        "lodash-es": "^4.17.21",
        "mini-signals": "^1.2.0",
        "parse-uri": "^1.0.3",
        "resource-loader": "^4.0.0-rc4",
        "sprite-timeline": "^1.10.2"
      }
    },
    "node_modules/@tweenjs/tween.js": {
      "version": "18.6.4",
      "resolved": "https://registry.npmjs.org/@tweenjs/tween.js/-/tween.js-18.6.4.tgz",
      "integrity": "sha512-lB9lMjuqjtuJrx7/kOkqQBtllspPIN+96OvTCeJ2j5FEzinoAXTdAMFnDAQT1KVPRlnYfBrqxtqP66vDM40xxQ=="
    },
    "node_modules/babel-runtime": {
      "version": "6.26.0",
      "resolved": "https://registry.npmjs.org/babel-runtime/-/babel-runtime-6.26.0.tgz",
      "integrity": "sha512-ITKNuq2wKlW1fJg9sSW52eepoYgZBggvOAHC0u/CYu/qxQ9EVzThCgR69BnSXLHjy2f7SY5zaQ4yt7H9ZVxY2g==",
      "dependencies": {
        "core-js": "^2.4.0",
        "regenerator-runtime": "^0.11.0"
      }
    },
    "node_modules/core-js": {
      "version": "2.6.12",
      "resolved": "https://registry.npmjs.org/core-js/-/core-js-2.6.12.tgz",
      "integrity": "sha512-Kb2wC0fvsWfQrgk8HU5lW6U/Lcs8+9aaYcy4ZFc6DDlo4nZ7n70dEgE5rtR0oG6ufKDUnrwfWL1mXR5ljDatrQ==",
      "deprecated": "core-js@<3.23.3 is no longer maintained and not recommended for usage due to the number of issues. Because of the V8 engine whims, feature detection in old core-js versions could cause a slowdown up to 100x even if nothing is polyfilled. Some versions have web compatibility issues. Please, upgrade your dependencies to the actual version of core-js.",
      "hasInstallScript": true
    },
    "node_modules/eventemitter3": {
      "version": "3.1.2",
      "resolved": "https://registry.npmjs.org/eventemitter3/-/eventemitter3-3.1.2.tgz",
      "integrity": "sha512-tvtQIeLVHjDkJYnzf2dgVMxfuSGJeM/7UCG17TT4EumTfNtF+0nebF/4zWOIkCreAbtNqhGEboB6BWrwqNaw4Q=="
    },
    "node_modules/lodash-es": {
      "version": "4.17.21",
      "resolved": "https://registry.npmjs.org/lodash-es/-/lodash-es-4.17.21.tgz",
      "integrity": "sha512-mKnC+QJ9pWVzv+C4/U3rRsHapFfHvQFoFB92e52xeyGMcX6/OlIl78je1u8vePzYZSkkogMPJ2yjxxsb89cxyw=="
    },
    "node_modules/mini-signals": {
      "version": "1.2.0",
      "resolved": "https://registry.npmjs.org/mini-signals/-/mini-signals-1.2.0.tgz",
      "integrity": "sha512-alffqMkGCjjTSwvYMVLx+7QeJ6sTuxbXqBkP21my4iWU5+QpTQAJt3h7htA1OKm9F3BpMM0vnu72QIoiJakrLA=="
    },
    "node_modules/parse-uri": {
      "version": "1.0.7",
      "resolved": "https://registry.npmjs.org/parse-uri/-/parse-uri-1.0.7.tgz",
      "integrity": "sha512-eWuZCMKNlVkXrEoANdXxbmqhu2SQO9jUMCSpdbJDObin0JxISn6e400EWsSRbr/czdKvWKkhZnMKEGUwf/Plmg==",
      "engines": {
        "node": ">= 0.10"
      }
    },
    "node_modules/regenerator-runtime": {
      "version": "0.11.1",
      "resolved": "https://registry.npmjs.org/regenerator-runtime/-/regenerator-runtime-0.11.1.tgz",
      "integrity": "sha512-MguG95oij0fC3QV3URf4V2SDYGJhJnJGqvIIgdECeODCT98wSWDAJ94SSuVpYQUoTcGUIL6L4yNB7j1DFFHSBg=="
    },
    "node_modules/resource-loader": {
      "version": "4.0.0-rc4",
      "resolved": "https://registry.npmjs.org/resource-loader/-/resource-loader-4.0.0-rc4.tgz",
      "integrity": "sha512-DuGS7xVDnL6rlDj0gU103N8CGGbEPkwqrIoZlL22/rGb97azFHgeb3DG53INW1MZCiAv9MUZfuk9ZxCIMBCM6g==",
      "dependencies": {
        "parse-uri": "^1.0.0",
        "type-signals": "^1.0.3"
      }
    },
    "node_modules/sprite-timeline": {
      "version": "1.10.2",
      "resolved": "https://registry.npmjs.org/sprite-timeline/-/sprite-timeline-1.10.2.tgz",
      "integrity": "sha512-Nu0SNxSy04tyZELMYEjvKVN/2KoluLIXj4qHGrNSLKmQX9sPDegg2EzhnpP50FKQQAEDPHgrYlg3MuQA3cVW1g==",
      "dependencies": {
        "babel-runtime": "^6.26.0"
      }
    },
    "node_modules/type-signals": {
      "version": "1.1.0",
      "resolved": "https://registry.npmjs.org/type-signals/-/type-signals-1.1.0.tgz",
      "integrity": "sha512-JzmQSmRNTIcQofZdYW9RHxAP8rrcq/N5I2fBy+V43oOqikOvsCTYlOIIX40Qpmr5GiRmYrptghIog84E1yz1Zg=="
    }
  },
  "dependencies": {
    "@eva/eva.js": {
      "version": "1.1.1-fix.2",
      "resolved": "https://registry.npmjs.org/@eva/eva.js/-/eva.js-1.1.1-fix.2.tgz",
      "integrity": "sha512-Z08ShLTbPsCCS8oXsawOALAmYJBrwQ+ZNRURTGzcMWwH9XZE2h6d8pWPUDVRPamyflagf9zAUyYBj+almuc6ng==",
      "requires": {
        "eventemitter3": "^3.1.2",
        "lodash-es": "^4.17.21",
        "mini-signals": "^1.2.0",
        "parse-uri": "^1.0.3",
        "resource-loader": "^4.0.0-rc4",
        "sprite-timeline": "^1.10.2"
      }
    },
    "@tweenjs/tween.js": {
      "version": "18.6.4",
      "resolved": "https://registry.npmjs.org/@tweenjs/tween.js/-/tween.js-18.6.4.tgz",
      "integrity": "sha512-lB9lMjuqjtuJrx7/kOkqQBtllspPIN+96OvTCeJ2j5FEzinoAXTdAMFnDAQT1KVPRlnYfBrqxtqP66vDM40xxQ=="
    },
    "babel-runtime": {
      "version": "6.26.0",
      "resolved": "https://registry.npmjs.org/babel-runtime/-/babel-runtime-6.26.0.tgz",
      "integrity": "sha512-ITKNuq2wKlW1fJg9sSW52eepoYgZBggvOAHC0u/CYu/qxQ9EVzThCgR69BnSXLHjy2f7SY5zaQ4yt7H9ZVxY2g==",
      "requires": {
        "core-js": "^2.4.0",
        "regenerator-runtime": "^0.11.0"
      }
    },
    "core-js": {
      "version": "2.6.12",
      "resolved": "https://registry.npmjs.org/core-js/-/core-js-2.6.12.tgz",
      "integrity": "sha512-Kb2wC0fvsWfQrgk8HU5lW6U/Lcs8+9aaYcy4ZFc6DDlo4nZ7n70dEgE5rtR0oG6ufKDUnrwfWL1mXR5ljDatrQ=="
    },
    "eventemitter3": {
      "version": "3.1.2",
      "resolved": "https://registry.npmjs.org/eventemitter3/-/eventemitter3-3.1.2.tgz",
      "integrity": "sha512-tvtQIeLVHjDkJYnzf2dgVMxfuSGJeM/7UCG17TT4EumTfNtF+0nebF/4zWOIkCreAbtNqhGEboB6BWrwqNaw4Q=="
    },
    "lodash-es": {
      "version": "4.17.21",
      "resolved": "https://registry.npmjs.org/lodash-es/-/lodash-es-4.17.21.tgz",
      "integrity": "sha512-mKnC+QJ9pWVzv+C4/U3rRsHapFfHvQFoFB92e52xeyGMcX6/OlIl78je1u8vePzYZSkkogMPJ2yjxxsb89cxyw=="
    },
    "mini-signals": {
      "version": "1.2.0",
      "resolved": "https://registry.npmjs.org/mini-signals/-/mini-signals-1.2.0.tgz",
      "integrity": "sha512-alffqMkGCjjTSwvYMVLx+7QeJ6sTuxbXqBkP21my4iWU5+QpTQAJt3h7htA1OKm9F3BpMM0vnu72QIoiJakrLA=="
    },
    "parse-uri": {
      "version": "1.0.7",
      "resolved": "https://registry.npmjs.org/parse-uri/-/parse-uri-1.0.7.tgz",
      "integrity": "sha512-eWuZCMKNlVkXrEoANdXxbmqhu2SQO9jUMCSpdbJDObin0JxISn6e400EWsSRbr/czdKvWKkhZnMKEGUwf/Plmg=="
    },
    "regenerator-runtime": {
      "version": "0.11.1",
      "resolved": "https://registry.npmjs.org/regenerator-runtime/-/regenerator-runtime-0.11.1.tgz",
      "integrity": "sha512-MguG95oij0fC3QV3URf4V2SDYGJhJnJGqvIIgdECeODCT98wSWDAJ94SSuVpYQUoTcGUIL6L4yNB7j1DFFHSBg=="
    },
    "resource-loader": {
      "version": "4.0.0-rc4",
      "resolved": "https://registry.npmjs.org/resource-loader/-/resource-loader-4.0.0-rc4.tgz",
      "integrity": "sha512-DuGS7xVDnL6rlDj0gU103N8CGGbEPkwqrIoZlL22/rGb97azFHgeb3DG53INW1MZCiAv9MUZfuk9ZxCIMBCM6g==",
      "requires": {
        "parse-uri": "^1.0.0",
        "type-signals": "^1.0.3"
      }
    },
    "sprite-timeline": {
      "version": "1.10.2",
      "resolved": "https://registry.npmjs.org/sprite-timeline/-/sprite-timeline-1.10.2.tgz",
      "integrity": "sha512-Nu0SNxSy04tyZELMYEjvKVN/2KoluLIXj4qHGrNSLKmQX9sPDegg2EzhnpP50FKQQAEDPHgrYlg3MuQA3cVW1g==",
      "requires": {
        "babel-runtime": "^6.26.0"
      }
    },
    "type-signals": {
      "version": "1.1.0",
      "resolved": "https://registry.npmjs.org/type-signals/-/type-signals-1.1.0.tgz",
      "integrity": "sha512-JzmQSmRNTIcQofZdYW9RHxAP8rrcq/N5I2fBy+V43oOqikOvsCTYlOIIX40Qpmr5GiRmYrptghIog84E1yz1Zg=="
    }
  }
}
