{
	"name": "@eva/miniprogram-pixi",
	"version": "1.0.11",
	"lockfileVersion": 1,
	"requires": true,
	"dependencies": {
		"@tbminiapp/pixi-miniprogram-engine": {
			"version": "1.0.26",
			"resolved": "https://registry.npmjs.org/@tbminiapp/pixi-miniprogram-engine/-/pixi-miniprogram-engine-1.0.26.tgz",
			"integrity": "sha512-E4dhmAKDEzgjWxoBp4gjrPTHsyYvgxqj9OHWf9ma2JLqdGlxlORMav6ZDO/Yw5nXy9PZRV3DPF8uAJuaTMyZlw==",
			"requires": {
				"@types/pixi.js": "^4.7.5"
			}
		},
		"@types/pixi.js": {
			"version": "4.8.9",
			"resolved": "https://registry.npmjs.org/@types/pixi.js/-/pixi.js-4.8.9.tgz",
			"integrity": "sha512-PCqd9/TaGOAqg73u8cQKH2sg8pdkRzU6VKu8lWrV+/+p5QiDRtrT8chY5yveVM8A/hWLNtvIQlWpojDomTSNQQ=="
		}
	}
}
