{
	"name": "@eva/plugin-renderer-event",
	"version": "1.1.0-alpha.1",
	"lockfileVersion": 1,
	"requires": true,
	"dependencies": {
		"@eva/inspector-decorator": {
			"version": "0.0.4",
			"resolved": "https://registry.npmjs.org/@eva/inspector-decorator/-/inspector-decorator-0.0.4.tgz",
			"integrity": "sha512-NvZg35ZPb+t6RrfvI9/a8V/Gf0mIqEopaAo8ZJBHSDtbuwEYr0wWPT9DHU12jRHI5PtSCujxfSznFtq+/Rdtcw=="
		},
		"bit-twiddle": {
			"version": "1.0.2",
			"resolved": "https://registry.npmjs.org/bit-twiddle/-/bit-twiddle-1.0.2.tgz",
			"integrity": "sha1-DGwfq+KyPRcXPZpht7cJPrnhdp4="
		},
		"earcut": {
			"version": "2.2.3",
			"resolved": "https://registry.npmjs.org/earcut/-/earcut-2.2.3.tgz",
			"integrity": "sha512-iRDI1QeCQIhMCZk48DRDMVgQSSBDmbzzNhnxIo+pwx3swkfjMh6vh0nWLq1NdvGHLKH6wIrAM3vQWeTj6qeoug=="
		},
		"eventemitter3": {
			"version": "2.0.3",
			"resolved": "https://registry.npmjs.org/eventemitter3/-/eventemitter3-2.0.3.tgz",
			"integrity": "sha1-teEHm1n7XhuidxwKmTvgYKWMmbo="
		},
		"ismobilejs": {
			"version": "0.5.2",
			"resolved": "https://registry.npmjs.org/ismobilejs/-/ismobilejs-0.5.2.tgz",
			"integrity": "sha512-ta9UdV60xVZk/ZafFtSFslQaE76SvNkcs1r73d2PVR21zVzx9xuYv9tNe4MxA1NN7WoeCc2RjGot3Bz1eHDx3Q=="
		},
		"mini-signals": {
			"version": "1.2.0",
			"resolved": "https://registry.npmjs.org/mini-signals/-/mini-signals-1.2.0.tgz",
			"integrity": "sha1-RbCAE8X65RokqhqTXNMXye1yHXQ="
		},
		"object-assign": {
			"version": "4.1.1",
			"resolved": "https://registry.npmjs.org/object-assign/-/object-assign-4.1.1.tgz",
			"integrity": "sha1-IQmtx5ZYh8/AXLvUQsrIv7s2CGM="
		},
		"parse-uri": {
			"version": "1.0.3",
			"resolved": "https://registry.npmjs.org/parse-uri/-/parse-uri-1.0.3.tgz",
			"integrity": "sha512-upMnGxNcm+45So85HoguwZTVZI9u11i36DdxJfGF2HYWS2eh3TIx7+/tTi7qrEq15qzGkVhsKjesau+kCk48pA=="
		},
		"pixi-gl-core": {
			"version": "1.1.4",
			"resolved": "https://registry.npmjs.org/pixi-gl-core/-/pixi-gl-core-1.1.4.tgz",
			"integrity": "sha1-i0tcQzsx5Bm8N53FZc4bg1qRs3I="
		},
		"pixi.js": {
			"version": "4.8.9",
			"resolved": "https://registry.npmjs.org/pixi.js/-/pixi.js-4.8.9.tgz",
			"integrity": "sha512-YcepG5/bXLAVTSTXaMIU9NeSzwyPq/oMu2oQi6L6iE5giwng02ixVCKgc6/eMv3zl2Ho+teSOLC8R5Wp3jBvLA==",
			"requires": {
				"bit-twiddle": "^1.0.2",
				"earcut": "^2.1.4",
				"eventemitter3": "^2.0.0",
				"ismobilejs": "^0.5.1",
				"object-assign": "^4.0.1",
				"pixi-gl-core": "^1.1.4",
				"remove-array-items": "^1.0.0",
				"resource-loader": "^2.2.3"
			}
		},
		"remove-array-items": {
			"version": "1.1.1",
			"resolved": "https://registry.npmjs.org/remove-array-items/-/remove-array-items-1.1.1.tgz",
			"integrity": "sha512-MXW/jtHyl5F1PZI7NbpS8SOtympdLuF20aoWJT5lELR1p/HJDd5nqW8Eu9uLh/hCRY3FgvrIT5AwDCgBODklcA=="
		},
		"resource-loader": {
			"version": "2.2.4",
			"resolved": "https://registry.npmjs.org/resource-loader/-/resource-loader-2.2.4.tgz",
			"integrity": "sha512-MrY0bEJN26us3h4bzJUSP0n4tFEb79lCpYBavtLjSezWCcXZMgxhSgvC9LxueuqpcxG+qPjhwFu5SQAcUNacdA==",
			"requires": {
				"mini-signals": "^1.1.1",
				"parse-uri": "^1.0.0"
			}
		}
	}
}
