{
	"name": "@eva/plugin-renderer-dragonbone",
	"version": "1.1.1-fix.1",
	"lockfileVersion": 2,
	"requires": true,
	"packages": {
		"": {
			"name": "@eva/plugin-renderer-dragonbone",
			"version": "1.1.1-fix.1",
			"license": "MIT",
			"dependencies": {
				"pixi.js": "^4.8.7"
			}
		},
		"node_modules/bit-twiddle": {
			"version": "1.0.2",
			"resolved": "https://registry.npmjs.org/bit-twiddle/-/bit-twiddle-1.0.2.tgz",
			"integrity": "sha512-B9UhK0DKFZhoTFcfvAzhqsjStvGJp9vYWf3+6SNTtdSQnvIgfkHbgHrg/e4+TH71N2GDu8tpmCVoyfrL1d7ntA=="
		},
		"node_modules/earcut": {
			"version": "2.2.4",
			"resolved": "https://registry.npmjs.org/earcut/-/earcut-2.2.4.tgz",
			"integrity": "sha512-/pjZsA1b4RPHbeWZQn66SWS8nZZWLQQ23oE3Eam7aroEFGEvwKAsJfZ9ytiEMycfzXWpca4FA9QIOehf7PocBQ=="
		},
		"node_modules/eventemitter3": {
			"version": "2.0.3",
			"resolved": "https://registry.npmjs.org/eventemitter3/-/eventemitter3-2.0.3.tgz",
			"integrity": "sha512-jLN68Dx5kyFHaePoXWPsCGW5qdyZQtLYHkxkg02/Mz6g0kYpDx4FyP6XfArhQdlOC4b8Mv+EMxPo/8La7Tzghg=="
		},
		"node_modules/ismobilejs": {
			"version": "0.5.2",
			"resolved": "https://registry.npmjs.org/ismobilejs/-/ismobilejs-0.5.2.tgz",
			"integrity": "sha512-ta9UdV60xVZk/ZafFtSFslQaE76SvNkcs1r73d2PVR21zVzx9xuYv9tNe4MxA1NN7WoeCc2RjGot3Bz1eHDx3Q=="
		},
		"node_modules/mini-signals": {
			"version": "1.2.0",
			"resolved": "https://registry.npmjs.org/mini-signals/-/mini-signals-1.2.0.tgz",
			"integrity": "sha512-alffqMkGCjjTSwvYMVLx+7QeJ6sTuxbXqBkP21my4iWU5+QpTQAJt3h7htA1OKm9F3BpMM0vnu72QIoiJakrLA=="
		},
		"node_modules/object-assign": {
			"version": "4.1.1",
			"resolved": "https://registry.npmjs.org/object-assign/-/object-assign-4.1.1.tgz",
			"integrity": "sha512-rJgTQnkUnH1sFw8yT6VSU3zD3sWmu6sZhIseY8VX+GRu3P6F7Fu+JNDoXfklElbLJSnc3FUQHVe4cU5hj+BcUg==",
			"engines": {
				"node": ">=0.10.0"
			}
		},
		"node_modules/parse-uri": {
			"version": "1.0.7",
			"resolved": "https://registry.npmjs.org/parse-uri/-/parse-uri-1.0.7.tgz",
			"integrity": "sha512-eWuZCMKNlVkXrEoANdXxbmqhu2SQO9jUMCSpdbJDObin0JxISn6e400EWsSRbr/czdKvWKkhZnMKEGUwf/Plmg==",
			"engines": {
				"node": ">= 0.10"
			}
		},
		"node_modules/pixi-gl-core": {
			"version": "1.1.4",
			"resolved": "https://registry.npmjs.org/pixi-gl-core/-/pixi-gl-core-1.1.4.tgz",
			"integrity": "sha512-dGLwg7664yASpT1insVUexNTMVEtvPZh/eDoXu8QUBoq2CY1Fc8axNwR+qbS1aJ8vj6y/TfWiOEaOSyNH41txw=="
		},
		"node_modules/pixi.js": {
			"version": "4.8.9",
			"resolved": "https://registry.npmjs.org/pixi.js/-/pixi.js-4.8.9.tgz",
			"integrity": "sha512-YcepG5/bXLAVTSTXaMIU9NeSzwyPq/oMu2oQi6L6iE5giwng02ixVCKgc6/eMv3zl2Ho+teSOLC8R5Wp3jBvLA==",
			"dependencies": {
				"bit-twiddle": "^1.0.2",
				"earcut": "^2.1.4",
				"eventemitter3": "^2.0.0",
				"ismobilejs": "^0.5.1",
				"object-assign": "^4.0.1",
				"pixi-gl-core": "^1.1.4",
				"remove-array-items": "^1.0.0",
				"resource-loader": "^2.2.3"
			}
		},
		"node_modules/remove-array-items": {
			"version": "1.1.1",
			"resolved": "https://registry.npmjs.org/remove-array-items/-/remove-array-items-1.1.1.tgz",
			"integrity": "sha512-MXW/jtHyl5F1PZI7NbpS8SOtympdLuF20aoWJT5lELR1p/HJDd5nqW8Eu9uLh/hCRY3FgvrIT5AwDCgBODklcA=="
		},
		"node_modules/resource-loader": {
			"version": "2.2.4",
			"resolved": "https://registry.npmjs.org/resource-loader/-/resource-loader-2.2.4.tgz",
			"integrity": "sha512-MrY0bEJN26us3h4bzJUSP0n4tFEb79lCpYBavtLjSezWCcXZMgxhSgvC9LxueuqpcxG+qPjhwFu5SQAcUNacdA==",
			"dependencies": {
				"mini-signals": "^1.1.1",
				"parse-uri": "^1.0.0"
			}
		}
	},
	"dependencies": {
		"bit-twiddle": {
			"version": "1.0.2",
			"resolved": "https://registry.npmjs.org/bit-twiddle/-/bit-twiddle-1.0.2.tgz",
			"integrity": "sha512-B9UhK0DKFZhoTFcfvAzhqsjStvGJp9vYWf3+6SNTtdSQnvIgfkHbgHrg/e4+TH71N2GDu8tpmCVoyfrL1d7ntA=="
		},
		"earcut": {
			"version": "2.2.4",
			"resolved": "https://registry.npmjs.org/earcut/-/earcut-2.2.4.tgz",
			"integrity": "sha512-/pjZsA1b4RPHbeWZQn66SWS8nZZWLQQ23oE3Eam7aroEFGEvwKAsJfZ9ytiEMycfzXWpca4FA9QIOehf7PocBQ=="
		},
		"eventemitter3": {
			"version": "2.0.3",
			"resolved": "https://registry.npmjs.org/eventemitter3/-/eventemitter3-2.0.3.tgz",
			"integrity": "sha512-jLN68Dx5kyFHaePoXWPsCGW5qdyZQtLYHkxkg02/Mz6g0kYpDx4FyP6XfArhQdlOC4b8Mv+EMxPo/8La7Tzghg=="
		},
		"ismobilejs": {
			"version": "0.5.2",
			"resolved": "https://registry.npmjs.org/ismobilejs/-/ismobilejs-0.5.2.tgz",
			"integrity": "sha512-ta9UdV60xVZk/ZafFtSFslQaE76SvNkcs1r73d2PVR21zVzx9xuYv9tNe4MxA1NN7WoeCc2RjGot3Bz1eHDx3Q=="
		},
		"mini-signals": {
			"version": "1.2.0",
			"resolved": "https://registry.npmjs.org/mini-signals/-/mini-signals-1.2.0.tgz",
			"integrity": "sha512-alffqMkGCjjTSwvYMVLx+7QeJ6sTuxbXqBkP21my4iWU5+QpTQAJt3h7htA1OKm9F3BpMM0vnu72QIoiJakrLA=="
		},
		"object-assign": {
			"version": "4.1.1",
			"resolved": "https://registry.npmjs.org/object-assign/-/object-assign-4.1.1.tgz",
			"integrity": "sha512-rJgTQnkUnH1sFw8yT6VSU3zD3sWmu6sZhIseY8VX+GRu3P6F7Fu+JNDoXfklElbLJSnc3FUQHVe4cU5hj+BcUg=="
		},
		"parse-uri": {
			"version": "1.0.7",
			"resolved": "https://registry.npmjs.org/parse-uri/-/parse-uri-1.0.7.tgz",
			"integrity": "sha512-eWuZCMKNlVkXrEoANdXxbmqhu2SQO9jUMCSpdbJDObin0JxISn6e400EWsSRbr/czdKvWKkhZnMKEGUwf/Plmg=="
		},
		"pixi-gl-core": {
			"version": "1.1.4",
			"resolved": "https://registry.npmjs.org/pixi-gl-core/-/pixi-gl-core-1.1.4.tgz",
			"integrity": "sha512-dGLwg7664yASpT1insVUexNTMVEtvPZh/eDoXu8QUBoq2CY1Fc8axNwR+qbS1aJ8vj6y/TfWiOEaOSyNH41txw=="
		},
		"pixi.js": {
			"version": "4.8.9",
			"resolved": "https://registry.npmjs.org/pixi.js/-/pixi.js-4.8.9.tgz",
			"integrity": "sha512-YcepG5/bXLAVTSTXaMIU9NeSzwyPq/oMu2oQi6L6iE5giwng02ixVCKgc6/eMv3zl2Ho+teSOLC8R5Wp3jBvLA==",
			"requires": {
				"bit-twiddle": "^1.0.2",
				"earcut": "^2.1.4",
				"eventemitter3": "^2.0.0",
				"ismobilejs": "^0.5.1",
				"object-assign": "^4.0.1",
				"pixi-gl-core": "^1.1.4",
				"remove-array-items": "^1.0.0",
				"resource-loader": "^2.2.3"
			}
		},
		"remove-array-items": {
			"version": "1.1.1",
			"resolved": "https://registry.npmjs.org/remove-array-items/-/remove-array-items-1.1.1.tgz",
			"integrity": "sha512-MXW/jtHyl5F1PZI7NbpS8SOtympdLuF20aoWJT5lELR1p/HJDd5nqW8Eu9uLh/hCRY3FgvrIT5AwDCgBODklcA=="
		},
		"resource-loader": {
			"version": "2.2.4",
			"resolved": "https://registry.npmjs.org/resource-loader/-/resource-loader-2.2.4.tgz",
			"integrity": "sha512-MrY0bEJN26us3h4bzJUSP0n4tFEb79lCpYBavtLjSezWCcXZMgxhSgvC9LxueuqpcxG+qPjhwFu5SQAcUNacdA==",
			"requires": {
				"mini-signals": "^1.1.1",
				"parse-uri": "^1.0.0"
			}
		}
	}
}
